{
  "name": "ethtool",
  "version": "1.0.0",
  "lockfileVersion": 2,
  "requires": true,
  "packages": {
    "": {
      "name": "ethtool",
      "version": "1.0.0",
      "license": "ISC",
      "dependencies": {
        "ethtool": "^1.0.0"
      }
    },
    "node_modules/ethtool": {
      "version": "1.0.0",
      "resolved": "https://registry.npmjs.org/ethtool/-/ethtool-1.0.0.tgz",
      "integrity": "sha512-s9M+dQrzk594AjB2IgGZ1t/IYePtGFYq8GCe4SgNZOZvCJBdo2u/gBT7ruqh/1LKtna65QyCIAMlxc/l9rkpcA=="
    }
  },
  "dependencies": {
  }
}
